
Microsoft Visual Studio Solution File, Format Version 12.00
# Visual Studio 15
VisualStudioVersion = 15.0.28010.2048
MinimumVisualStudioVersion = 10.0.40219.1
Project("{FAE04EC0-301F-11D3-BF4B-00C04F79EFBC}") = "HassanShop.Front", "HassanShop.Front\HassanShop.Front.csproj", "{448FC184-DAAC-4152-918B-93C2C481CE25}"
EndProject
Global
	GlobalSection(SolutionConfigurationPlatforms) = preSolution
		Debug|Any CPU = Debug|Any CPU
		Release|Any CPU = Release|Any CPU
	EndGlobalSection
	GlobalSection(ProjectConfigurationPlatforms) = postSolution
		{448FC184-DAAC-4152-918B-93C2C481CE25}.Debug|Any CPU.ActiveCfg = Debug|Any CPU
		{448FC184-DAAC-4152-918B-93C2C481CE25}.Debug|Any CPU.Build.0 = Debug|Any CPU
		{448FC184-DAAC-4152-918B-93C2C481CE25}.Release|Any CPU.ActiveCfg = Release|Any CPU
		{448FC184-DAAC-4152-918B-93C2C481CE25}.Release|Any CPU.Build.0 = Release|Any CPU
	EndGlobalSection
	GlobalSection(SolutionProperties) = preSolution
		HideSolutionNode = FALSE
	EndGlobalSection
	GlobalSection(ExtensibilityGlobals) = postSolution
		SolutionGuid = {B0487740-DC3E-4569-9863-E6A552E1A8C3}
	EndGlobalSection
EndGlobal
